
Microsoft Visual Studio Solution File, Format Version 12.00
# Visual Studio Version 16
VisualStudioVersion = 16.0.31613.86
MinimumVisualStudioVersion = 10.0.40219.1
Project("{FAE04EC0-301F-11D3-BF4B-00C04F79EFBC}") = "LockDemo", "LockDemo.csproj", "{2106C884-20EF-43C0-99FA-8D4543FC40D2}"
EndProject
Global
	GlobalSection(SolutionConfigurationPlatforms) = preSolution
		Debug|Any CPU = Debug|Any CPU
		Release|Any CPU = Release|Any CPU
	EndGlobalSection
	GlobalSection(ProjectConfigurationPlatforms) = postSolution
		{2106C884-20EF-43C0-99FA-8D4543FC40D2}.Debug|Any CPU.ActiveCfg = Debug|Any CPU
		{2106C884-20EF-43C0-99FA-8D4543FC40D2}.Debug|Any CPU.Build.0 = Debug|Any CPU
		{2106C884-20EF-43C0-99FA-8D4543FC40D2}.Release|Any CPU.ActiveCfg = Release|Any CPU
		{2106C884-20EF-43C0-99FA-8D4543FC40D2}.Release|Any CPU.Build.0 = Release|Any CPU
	EndGlobalSection
	GlobalSection(SolutionProperties) = preSolution
		HideSolutionNode = FALSE
	EndGlobalSection
	GlobalSection(ExtensibilityGlobals) = postSolution
		SolutionGuid = {65B2DB8F-9BFF-4BE9-B7BA-2589DCB12EF0}
	EndGlobalSection
EndGlobal
